
Microsoft Visual Studio Solution File, Format Version 12.00
# Visual Studio Version 16
VisualStudioVersion = 16.0.30503.244
MinimumVisualStudioVersion = 10.0.40219.1
Project("{FAE04EC0-301F-11D3-BF4B-00C04F79EFBC}") = "FunzioneCheConverteInAscii", "FunzioneCheConverteInAscii\FunzioneCheConverteInAscii.csproj", "{C351169B-5511-4F2F-8521-3A1BEA6DDC49}"
EndProject
Global
	GlobalSection(SolutionConfigurationPlatforms) = preSolution
		Debug|Any CPU = Debug|Any CPU
		Release|Any CPU = Release|Any CPU
	EndGlobalSection
	GlobalSection(ProjectConfigurationPlatforms) = postSolution
		{C351169B-5511-4F2F-8521-3A1BEA6DDC49}.Debug|Any CPU.ActiveCfg = Debug|Any CPU
		{C351169B-5511-4F2F-8521-3A1BEA6DDC49}.Debug|Any CPU.Build.0 = Debug|Any CPU
		{C351169B-5511-4F2F-8521-3A1BEA6DDC49}.Release|Any CPU.ActiveCfg = Release|Any CPU
		{C351169B-5511-4F2F-8521-3A1BEA6DDC49}.Release|Any CPU.Build.0 = Release|Any CPU
	EndGlobalSection
	GlobalSection(SolutionProperties) = preSolution
		HideSolutionNode = FALSE
	EndGlobalSection
	GlobalSection(ExtensibilityGlobals) = postSolution
		SolutionGuid = {BC5A5605-E659-4EA2-B758-68274CBB61F4}
	EndGlobalSection
EndGlobal
